// !$*UTF8*$!
{
	archiveVersion = 1;
	classes = {
	};
	objectVersion = 56;
	objects = {

/* Begin PBXBuildFile section */
		9F6FAAF72CB03DDC00CF07E9 /* SnapKit in Frameworks */ = {isa = PBXBuildFile; productRef = 9F6FAAF62CB03DDC00CF07E9 /* SnapKit */; };
		9F6FAAF92CB0DE4A00CF07E9 /* AVFoundation.md in Resources */ = {isa = PBXBuildFile; fileRef = 9F6FAAF82CB0DE4A00CF07E9 /* AVFoundation.md */; };
		9F6FAAFB2CB1335E00CF07E9 /* ParametersMenuView.swift in Sources */ = {isa = PBXBuildFile; fileRef = 9F6FAAFA2CB1335E00CF07E9 /* ParametersMenuView.swift */; };
		9F9DF9D62C9ED4F500649E4F /* RecordButton.swift in Sources */ = {isa = PBXBuildFile; fileRef = 9F9DF9D52C9ED4F500649E4F /* RecordButton.swift */; };
		9F9DF9D92C9FD0BF00649E4F /* RluerView.swift in Sources */ = {isa = PBXBuildFile; fileRef = 9F9DF9D82C9FD0BF00649E4F /* RluerView.swift */; };
		9F9DF9DB2C9FD0D400649E4F /* RulerScrollView.swift in Sources */ = {isa = PBXBuildFile; fileRef = 9F9DF9DA2C9FD0D400649E4F /* RulerScrollView.swift */; };
		9F9DF9DD2C9FFD8200649E4F /* CameraSelectButton.swift in Sources */ = {isa = PBXBuildFile; fileRef = 9F9DF9DC2C9FFD8200649E4F /* CameraSelectButton.swift */; };
		9F9DF9DF2CA045C900649E4F /* ParametersButton.swift in Sources */ = {isa = PBXBuildFile; fileRef = 9F9DF9DE2CA045C900649E4F /* ParametersButton.swift */; };
		9F9DF9E12CA0520B00649E4F /* CameraSelectMenuView.swift in Sources */ = {isa = PBXBuildFile; fileRef = 9F9DF9E02CA0520B00649E4F /* CameraSelectMenuView.swift */; };
		9F9DF9E32CA0530200649E4F /* CameraSelectMenuItem.swift in Sources */ = {isa = PBXBuildFile; fileRef = 9F9DF9E22CA0530200649E4F /* CameraSelectMenuItem.swift */; };
		9FF72DCC2C98269F003B6EF6 /* AppDelegate.swift in Sources */ = {isa = PBXBuildFile; fileRef = 9FF72DCB2C98269F003B6EF6 /* AppDelegate.swift */; };
		9FF72DCE2C98269F003B6EF6 /* SceneDelegate.swift in Sources */ = {isa = PBXBuildFile; fileRef = 9FF72DCD2C98269F003B6EF6 /* SceneDelegate.swift */; };
		9FF72DD02C98269F003B6EF6 /* ViewController.swift in Sources */ = {isa = PBXBuildFile; fileRef = 9FF72DCF2C98269F003B6EF6 /* ViewController.swift */; };
		9FF72DD32C98269F003B6EF6 /* Base in Resources */ = {isa = PBXBuildFile; fileRef = 9FF72DD22C98269F003B6EF6 /* Base */; };
		9FF72DD52C9826A0003B6EF6 /* Assets.xcassets in Resources */ = {isa = PBXBuildFile; fileRef = 9FF72DD42C9826A0003B6EF6 /* Assets.xcassets */; };
		9FF72DD82C9826A0003B6EF6 /* Base in Resources */ = {isa = PBXBuildFile; fileRef = 9FF72DD72C9826A0003B6EF6 /* Base */; };
		9FF72DE32C9826A0003B6EF6 /* CapturerAndWirterTests.swift in Sources */ = {isa = PBXBuildFile; fileRef = 9FF72DE22C9826A0003B6EF6 /* CapturerAndWirterTests.swift */; };
		9FF72DED2C9826A0003B6EF6 /* CapturerAndWirterUITests.swift in Sources */ = {isa = PBXBuildFile; fileRef = 9FF72DEC2C9826A0003B6EF6 /* CapturerAndWirterUITests.swift */; };
		9FF72DEF2C9826A0003B6EF6 /* CapturerAndWirterUITestsLaunchTests.swift in Sources */ = {isa = PBXBuildFile; fileRef = 9FF72DEE2C9826A0003B6EF6 /* CapturerAndWirterUITestsLaunchTests.swift */; };
		9FF72DFE2C98296D003B6EF6 /* Capturer.swift in Sources */ = {isa = PBXBuildFile; fileRef = 9FF72DFD2C98296D003B6EF6 /* Capturer.swift */; };
		9FF72E002C982B5D003B6EF6 /* CapturerViewController.swift in Sources */ = {isa = PBXBuildFile; fileRef = 9FF72DFF2C982B5D003B6EF6 /* CapturerViewController.swift */; };
		9FF72E032C98841C003B6EF6 /* VideoWriter.swift in Sources */ = {isa = PBXBuildFile; fileRef = 9FF72E022C98841C003B6EF6 /* VideoWriter.swift */; };
		9FF72E052C9EB0B3003B6EF6 /* README.md in Resources */ = {isa = PBXBuildFile; fileRef = 9FF72E042C9EB0B3003B6EF6 /* README.md */; };
/* End PBXBuildFile section */

/* Begin PBXContainerItemProxy section */
		9FF72DDF2C9826A0003B6EF6 /* PBXContainerItemProxy */ = {
			isa = PBXContainerItemProxy;
			containerPortal = 9FF72DC02C98269F003B6EF6 /* Project object */;
			proxyType = 1;
			remoteGlobalIDString = 9FF72DC72C98269F003B6EF6;
			remoteInfo = CapturerAndWirter;
		};
		9FF72DE92C9826A0003B6EF6 /* PBXContainerItemProxy */ = {
			isa = PBXContainerItemProxy;
			containerPortal = 9FF72DC02C98269F003B6EF6 /* Project object */;
			proxyType = 1;
			remoteGlobalIDString = 9FF72DC72C98269F003B6EF6;
			remoteInfo = CapturerAndWirter;
		};
/* End PBXContainerItemProxy section */

/* Begin PBXFileReference section */
		9F6FAAF82CB0DE4A00CF07E9 /* AVFoundation.md */ = {isa = PBXFileReference; lastKnownFileType = net.daringfireball.markdown; path = AVFoundation.md; sourceTree = "<group>"; };
		9F6FAAFA2CB1335E00CF07E9 /* ParametersMenuView.swift */ = {isa = PBXFileReference; lastKnownFileType = sourcecode.swift; path = ParametersMenuView.swift; sourceTree = "<group>"; };
		9F9DF9D52C9ED4F500649E4F /* RecordButton.swift */ = {isa = PBXFileReference; lastKnownFileType = sourcecode.swift; path = RecordButton.swift; sourceTree = "<group>"; };
		9F9DF9D82C9FD0BF00649E4F /* RluerView.swift */ = {isa = PBXFileReference; lastKnownFileType = sourcecode.swift; path = RluerView.swift; sourceTree = "<group>"; };
		9F9DF9DA2C9FD0D400649E4F /* RulerScrollView.swift */ = {isa = PBXFileReference; lastKnownFileType = sourcecode.swift; path = RulerScrollView.swift; sourceTree = "<group>"; };
		9F9DF9DC2C9FFD8200649E4F /* CameraSelectButton.swift */ = {isa = PBXFileReference; lastKnownFileType = sourcecode.swift; path = CameraSelectButton.swift; sourceTree = "<group>"; };
		9F9DF9DE2CA045C900649E4F /* ParametersButton.swift */ = {isa = PBXFileReference; lastKnownFileType = sourcecode.swift; path = ParametersButton.swift; sourceTree = "<group>"; };
		9F9DF9E02CA0520B00649E4F /* CameraSelectMenuView.swift */ = {isa = PBXFileReference; lastKnownFileType = sourcecode.swift; name = CameraSelectMenuView.swift; path = CapturerAndWirter/CapturerVC/CameraSelectMenuView.swift; sourceTree = SOURCE_ROOT; };
		9F9DF9E22CA0530200649E4F /* CameraSelectMenuItem.swift */ = {isa = PBXFileReference; lastKnownFileType = sourcecode.swift; path = CameraSelectMenuItem.swift; sourceTree = "<group>"; };
		9FF72DC82C98269F003B6EF6 /* CapturerAndWirter.app */ = {isa = PBXFileReference; explicitFileType = wrapper.application; includeInIndex = 0; path = CapturerAndWirter.app; sourceTree = BUILT_PRODUCTS_DIR; };
		9FF72DCB2C98269F003B6EF6 /* AppDelegate.swift */ = {isa = PBXFileReference; lastKnownFileType = sourcecode.swift; path = AppDelegate.swift; sourceTree = "<group>"; };
		9FF72DCD2C98269F003B6EF6 /* SceneDelegate.swift */ = {isa = PBXFileReference; lastKnownFileType = sourcecode.swift; path = SceneDelegate.swift; sourceTree = "<group>"; };
		9FF72DCF2C98269F003B6EF6 /* ViewController.swift */ = {isa = PBXFileReference; lastKnownFileType = sourcecode.swift; path = ViewController.swift; sourceTree = "<group>"; };
		9FF72DD22C98269F003B6EF6 /* Base */ = {isa = PBXFileReference; lastKnownFileType = file.storyboard; name = Base; path = Base.lproj/Main.storyboard; sourceTree = "<group>"; };
		9FF72DD42C9826A0003B6EF6 /* Assets.xcassets */ = {isa = PBXFileReference; lastKnownFileType = folder.assetcatalog; path = Assets.xcassets; sourceTree = "<group>"; };
		9FF72DD72C9826A0003B6EF6 /* Base */ = {isa = PBXFileReference; lastKnownFileType = file.storyboard; name = Base; path = Base.lproj/LaunchScreen.storyboard; sourceTree = "<group>"; };
		9FF72DD92C9826A0003B6EF6 /* Info.plist */ = {isa = PBXFileReference; lastKnownFileType = text.plist.xml; path = Info.plist; sourceTree = "<group>"; };
		9FF72DDE2C9826A0003B6EF6 /* CapturerAndWirterTests.xctest */ = {isa = PBXFileReference; explicitFileType = wrapper.cfbundle; includeInIndex = 0; path = CapturerAndWirterTests.xctest; sourceTree = BUILT_PRODUCTS_DIR; };
		9FF72DE22C9826A0003B6EF6 /* CapturerAndWirterTests.swift */ = {isa = PBXFileReference; lastKnownFileType = sourcecode.swift; path = CapturerAndWirterTests.swift; sourceTree = "<group>"; };
		9FF72DE82C9826A0003B6EF6 /* CapturerAndWirterUITests.xctest */ = {isa = PBXFileReference; explicitFileType = wrapper.cfbundle; includeInIndex = 0; path = CapturerAndWirterUITests.xctest; sourceTree = BUILT_PRODUCTS_DIR; };
		9FF72DEC2C9826A0003B6EF6 /* CapturerAndWirterUITests.swift */ = {isa = PBXFileReference; lastKnownFileType = sourcecode.swift; path = CapturerAndWirterUITests.swift; sourceTree = "<group>"; };
		9FF72DEE2C9826A0003B6EF6 /* CapturerAndWirterUITestsLaunchTests.swift */ = {isa = PBXFileReference; lastKnownFileType = sourcecode.swift; path = CapturerAndWirterUITestsLaunchTests.swift; sourceTree = "<group>"; };
		9FF72DFD2C98296D003B6EF6 /* Capturer.swift */ = {isa = PBXFileReference; lastKnownFileType = sourcecode.swift; path = Capturer.swift; sourceTree = "<group>"; };
		9FF72DFF2C982B5D003B6EF6 /* CapturerViewController.swift */ = {isa = PBXFileReference; lastKnownFileType = sourcecode.swift; path = CapturerViewController.swift; sourceTree = "<group>"; };
		9FF72E022C98841C003B6EF6 /* VideoWriter.swift */ = {isa = PBXFileReference; lastKnownFileType = sourcecode.swift; path = VideoWriter.swift; sourceTree = "<group>"; };
		9FF72E042C9EB0B3003B6EF6 /* README.md */ = {isa = PBXFileReference; fileEncoding = 4; lastKnownFileType = net.daringfireball.markdown; path = README.md; sourceTree = "<group>"; };
/* End PBXFileReference section */

/* Begin PBXFrameworksBuildPhase section */
		9FF72DC52C98269F003B6EF6 /* Frameworks */ = {
			isa = PBXFrameworksBuildPhase;
			buildActionMask = 2147483647;
			files = (
				9F6FAAF72CB03DDC00CF07E9 /* SnapKit in Frameworks */,
			);
			runOnlyForDeploymentPostprocessing = 0;
		};
		9FF72DDB2C9826A0003B6EF6 /* Frameworks */ = {
			isa = PBXFrameworksBuildPhase;
			buildActionMask = 2147483647;
			files = (
			);
			runOnlyForDeploymentPostprocessing = 0;
		};
		9FF72DE52C9826A0003B6EF6 /* Frameworks */ = {
			isa = PBXFrameworksBuildPhase;
			buildActionMask = 2147483647;
			files = (
			);
			runOnlyForDeploymentPostprocessing = 0;
		};
/* End PBXFrameworksBuildPhase section */

/* Begin PBXGroup section */
		9F9DF9D22C9ED4C000649E4F /* CapturerVC */ = {
			isa = PBXGroup;
			children = (
				9F9DF9D72C9FD09A00649E4F /* Views */,
				9FF72DFF2C982B5D003B6EF6 /* CapturerViewController.swift */,
			);
			path = CapturerVC;
			sourceTree = "<group>";
		};
		9F9DF9D72C9FD09A00649E4F /* Views */ = {
			isa = PBXGroup;
			children = (
				9F9DF9D52C9ED4F500649E4F /* RecordButton.swift */,
				9F9DF9D82C9FD0BF00649E4F /* RluerView.swift */,
				9F9DF9DA2C9FD0D400649E4F /* RulerScrollView.swift */,
				9F9DF9DC2C9FFD8200649E4F /* CameraSelectButton.swift */,
				9F9DF9DE2CA045C900649E4F /* ParametersButton.swift */,
				9F6FAAFA2CB1335E00CF07E9 /* ParametersMenuView.swift */,
				9F9DF9E02CA0520B00649E4F /* CameraSelectMenuView.swift */,
				9F9DF9E22CA0530200649E4F /* CameraSelectMenuItem.swift */,
			);
			path = Views;
			sourceTree = "<group>";
		};
		9FF72DBF2C98269F003B6EF6 = {
			isa = PBXGroup;
			children = (
				9FF72E042C9EB0B3003B6EF6 /* README.md */,
				9F6FAAF82CB0DE4A00CF07E9 /* AVFoundation.md */,
				9FF72DCA2C98269F003B6EF6 /* CapturerAndWirter */,
				9FF72DE12C9826A0003B6EF6 /* CapturerAndWirterTests */,
				9FF72DEB2C9826A0003B6EF6 /* CapturerAndWirterUITests */,
				9FF72DC92C98269F003B6EF6 /* Products */,
			);
			sourceTree = "<group>";
		};
		9FF72DC92C98269F003B6EF6 /* Products */ = {
			isa = PBXGroup;
			children = (
				9FF72DC82C98269F003B6EF6 /* CapturerAndWirter.app */,
				9FF72DDE2C9826A0003B6EF6 /* CapturerAndWirterTests.xctest */,
				9FF72DE82C9826A0003B6EF6 /* CapturerAndWirterUITests.xctest */,
			);
			name = Products;
			sourceTree = "<group>";
		};
		9FF72DCA2C98269F003B6EF6 /* CapturerAndWirter */ = {
			isa = PBXGroup;
			children = (
				9F9DF9D22C9ED4C000649E4F /* CapturerVC */,
				9FF72E012C988407003B6EF6 /* VideoWriter */,
				9FF72DFC2C982956003B6EF6 /* Capturer */,
				9FF72DCB2C98269F003B6EF6 /* AppDelegate.swift */,
				9FF72DCD2C98269F003B6EF6 /* SceneDelegate.swift */,
				9FF72DCF2C98269F003B6EF6 /* ViewController.swift */,
				9FF72DD12C98269F003B6EF6 /* Main.storyboard */,
				9FF72DD42C9826A0003B6EF6 /* Assets.xcassets */,
				9FF72DD62C9826A0003B6EF6 /* LaunchScreen.storyboard */,
				9FF72DD92C9826A0003B6EF6 /* Info.plist */,
			);
			path = CapturerAndWirter;
			sourceTree = "<group>";
		};
		9FF72DE12C9826A0003B6EF6 /* CapturerAndWirterTests */ = {
			isa = PBXGroup;
			children = (
				9FF72DE22C9826A0003B6EF6 /* CapturerAndWirterTests.swift */,
			);
			path = CapturerAndWirterTests;
			sourceTree = "<group>";
		};
		9FF72DEB2C9826A0003B6EF6 /* CapturerAndWirterUITests */ = {
			isa = PBXGroup;
			children = (
				9FF72DEC2C9826A0003B6EF6 /* CapturerAndWirterUITests.swift */,
				9FF72DEE2C9826A0003B6EF6 /* CapturerAndWirterUITestsLaunchTests.swift */,
			);
			path = CapturerAndWirterUITests;
			sourceTree = "<group>";
		};
		9FF72DFC2C982956003B6EF6 /* Capturer */ = {
			isa = PBXGroup;
			children = (
				9FF72DFD2C98296D003B6EF6 /* Capturer.swift */,
			);
			path = Capturer;
			sourceTree = "<group>";
		};
		9FF72E012C988407003B6EF6 /* VideoWriter */ = {
			isa = PBXGroup;
			children = (
				9FF72E022C98841C003B6EF6 /* VideoWriter.swift */,
			);
			path = VideoWriter;
			sourceTree = "<group>";
		};
/* End PBXGroup section */

/* Begin PBXNativeTarget section */
		9FF72DC72C98269F003B6EF6 /* CapturerAndWirter */ = {
			isa = PBXNativeTarget;
			buildConfigurationList = 9FF72DF22C9826A0003B6EF6 /* Build configuration list for PBXNativeTarget "CapturerAndWirter" */;
			buildPhases = (
				9FF72DC42C98269F003B6EF6 /* Sources */,
				9FF72DC52C98269F003B6EF6 /* Frameworks */,
				9FF72DC62C98269F003B6EF6 /* Resources */,
			);
			buildRules = (
			);
			dependencies = (
			);
			name = CapturerAndWirter;
			productName = CapturerAndWirter;
			productReference = 9FF72DC82C98269F003B6EF6 /* CapturerAndWirter.app */;
			productType = "com.apple.product-type.application";
		};
		9FF72DDD2C9826A0003B6EF6 /* CapturerAndWirterTests */ = {
			isa = PBXNativeTarget;
			buildConfigurationList = 9FF72DF52C9826A0003B6EF6 /* Build configuration list for PBXNativeTarget "CapturerAndWirterTests" */;
			buildPhases = (
				9FF72DDA2C9826A0003B6EF6 /* Sources */,
				9FF72DDB2C9826A0003B6EF6 /* Frameworks */,
				9FF72DDC2C9826A0003B6EF6 /* Resources */,
			);
			buildRules = (
			);
			dependencies = (
				9FF72DE02C9826A0003B6EF6 /* PBXTargetDependency */,
			);
			name = CapturerAndWirterTests;
			productName = CapturerAndWirterTests;
			productReference = 9FF72DDE2C9826A0003B6EF6 /* CapturerAndWirterTests.xctest */;
			productType = "com.apple.product-type.bundle.unit-test";
		};
		9FF72DE72C9826A0003B6EF6 /* CapturerAndWirterUITests */ = {
			isa = PBXNativeTarget;
			buildConfigurationList = 9FF72DF82C9826A0003B6EF6 /* Build configuration list for PBXNativeTarget "CapturerAndWirterUITests" */;
			buildPhases = (
				9FF72DE42C9826A0003B6EF6 /* Sources */,
				9FF72DE52C9826A0003B6EF6 /* Frameworks */,
				9FF72DE62C9826A0003B6EF6 /* Resources */,
			);
			buildRules = (
			);
			dependencies = (
				9FF72DEA2C9826A0003B6EF6 /* PBXTargetDependency */,
			);
			name = CapturerAndWirterUITests;
			productName = CapturerAndWirterUITests;
			productReference = 9FF72DE82C9826A0003B6EF6 /* CapturerAndWirterUITests.xctest */;
			productType = "com.apple.product-type.bundle.ui-testing";
		};
/* End PBXNativeTarget section */

/* Begin PBXProject section */
		9FF72DC02C98269F003B6EF6 /* Project object */ = {
			isa = PBXProject;
			attributes = {
				BuildIndependentTargetsInParallel = 1;
				LastSwiftUpdateCheck = 1540;
				LastUpgradeCheck = 1540;
				TargetAttributes = {
					9FF72DC72C98269F003B6EF6 = {
						CreatedOnToolsVersion = 15.4;
					};
					9FF72DDD2C9826A0003B6EF6 = {
						CreatedOnToolsVersion = 15.4;
						TestTargetID = 9FF72DC72C98269F003B6EF6;
					};
					9FF72DE72C9826A0003B6EF6 = {
						CreatedOnToolsVersion = 15.4;
						TestTargetID = 9FF72DC72C98269F003B6EF6;
					};
				};
			};
			buildConfigurationList = 9FF72DC32C98269F003B6EF6 /* Build configuration list for PBXProject "CapturerAndWirter" */;
			compatibilityVersion = "Xcode 14.0";
			developmentRegion = en;
			hasScannedForEncodings = 0;
			knownRegions = (
				en,
				Base,
			);
			mainGroup = 9FF72DBF2C98269F003B6EF6;
			packageReferences = (
				9F6FAAF52CB03DDC00CF07E9 /* XCRemoteSwiftPackageReference "SnapKit" */,
			);
			productRefGroup = 9FF72DC92C98269F003B6EF6 /* Products */;
			projectDirPath = "";
			projectRoot = "";
			targets = (
				9FF72DC72C98269F003B6EF6 /* CapturerAndWirter */,
				9FF72DDD2C9826A0003B6EF6 /* CapturerAndWirterTests */,
				9FF72DE72C9826A0003B6EF6 /* CapturerAndWirterUITests */,
			);
		};
/* End PBXProject section */

/* Begin PBXResourcesBuildPhase section */
		9FF72DC62C98269F003B6EF6 /* Resources */ = {
			isa = PBXResourcesBuildPhase;
			buildActionMask = 2147483647;
			files = (
				9F6FAAF92CB0DE4A00CF07E9 /* AVFoundation.md in Resources */,
				9FF72DD52C9826A0003B6EF6 /* Assets.xcassets in Resources */,
				9FF72DD82C9826A0003B6EF6 /* Base in Resources */,
				9FF72E052C9EB0B3003B6EF6 /* README.md in Resources */,
				9FF72DD32C98269F003B6EF6 /* Base in Resources */,
			);
			runOnlyForDeploymentPostprocessing = 0;
		};
		9FF72DDC2C9826A0003B6EF6 /* Resources */ = {
			isa = PBXResourcesBuildPhase;
			buildActionMask = 2147483647;
			files = (
			);
			runOnlyForDeploymentPostprocessing = 0;
		};
		9FF72DE62C9826A0003B6EF6 /* Resources */ = {
			isa = PBXResourcesBuildPhase;
			buildActionMask = 2147483647;
			files = (
			);
			runOnlyForDeploymentPostprocessing = 0;
		};
/* End PBXResourcesBuildPhase section */

/* Begin PBXSourcesBuildPhase section */
		9FF72DC42C98269F003B6EF6 /* Sources */ = {
			isa = PBXSourcesBuildPhase;
			buildActionMask = 2147483647;
			files = (
				9F9DF9DF2CA045C900649E4F /* ParametersButton.swift in Sources */,
				9FF72DD02C98269F003B6EF6 /* ViewController.swift in Sources */,
				9F9DF9E32CA0530200649E4F /* CameraSelectMenuItem.swift in Sources */,
				9F9DF9DB2C9FD0D400649E4F /* RulerScrollView.swift in Sources */,
				9FF72DCC2C98269F003B6EF6 /* AppDelegate.swift in Sources */,
				9FF72DCE2C98269F003B6EF6 /* SceneDelegate.swift in Sources */,
				9F9DF9D62C9ED4F500649E4F /* RecordButton.swift in Sources */,
				9FF72DFE2C98296D003B6EF6 /* Capturer.swift in Sources */,
				9FF72E032C98841C003B6EF6 /* VideoWriter.swift in Sources */,
				9F6FAAFB2CB1335E00CF07E9 /* ParametersMenuView.swift in Sources */,
				9FF72E002C982B5D003B6EF6 /* CapturerViewController.swift in Sources */,
				9F9DF9DD2C9FFD8200649E4F /* CameraSelectButton.swift in Sources */,
				9F9DF9E12CA0520B00649E4F /* CameraSelectMenuView.swift in Sources */,
				9F9DF9D92C9FD0BF00649E4F /* RluerView.swift in Sources */,
			);
			runOnlyForDeploymentPostprocessing = 0;
		};
		9FF72DDA2C9826A0003B6EF6 /* Sources */ = {
			isa = PBXSourcesBuildPhase;
			buildActionMask = 2147483647;
			files = (
				9FF72DE32C9826A0003B6EF6 /* CapturerAndWirterTests.swift in Sources */,
			);
			runOnlyForDeploymentPostprocessing = 0;
		};
		9FF72DE42C9826A0003B6EF6 /* Sources */ = {
			isa = PBXSourcesBuildPhase;
			buildActionMask = 2147483647;
			files = (
				9FF72DED2C9826A0003B6EF6 /* CapturerAndWirterUITests.swift in Sources */,
				9FF72DEF2C9826A0003B6EF6 /* CapturerAndWirterUITestsLaunchTests.swift in Sources */,
			);
			runOnlyForDeploymentPostprocessing = 0;
		};
/* End PBXSourcesBuildPhase section */

/* Begin PBXTargetDependency section */
		9FF72DE02C9826A0003B6EF6 /* PBXTargetDependency */ = {
			isa = PBXTargetDependency;
			target = 9FF72DC72C98269F003B6EF6 /* CapturerAndWirter */;
			targetProxy = 9FF72DDF2C9826A0003B6EF6 /* PBXContainerItemProxy */;
		};
		9FF72DEA2C9826A0003B6EF6 /* PBXTargetDependency */ = {
			isa = PBXTargetDependency;
			target = 9FF72DC72C98269F003B6EF6 /* CapturerAndWirter */;
			targetProxy = 9FF72DE92C9826A0003B6EF6 /* PBXContainerItemProxy */;
		};
/* End PBXTargetDependency section */

/* Begin PBXVariantGroup section */
		9FF72DD12C98269F003B6EF6 /* Main.storyboard */ = {
			isa = PBXVariantGroup;
			children = (
				9FF72DD22C98269F003B6EF6 /* Base */,
			);
			name = Main.storyboard;
			sourceTree = "<group>";
		};
		9FF72DD62C9826A0003B6EF6 /* LaunchScreen.storyboard */ = {
			isa = PBXVariantGroup;
			children = (
				9FF72DD72C9826A0003B6EF6 /* Base */,
			);
			name = LaunchScreen.storyboard;
			sourceTree = "<group>";
		};
/* End PBXVariantGroup section */

/* Begin XCBuildConfiguration section */
		9FF72DF02C9826A0003B6EF6 /* Debug */ = {
			isa = XCBuildConfiguration;
			buildSettings = {
				ALWAYS_SEARCH_USER_PATHS = NO;
				ASSETCATALOG_COMPILER_GENERATE_SWIFT_ASSET_SYMBOL_EXTENSIONS = YES;
				CLANG_ANALYZER_NONNULL = YES;
				CLANG_ANALYZER_NUMBER_OBJECT_CONVERSION = YES_AGGRESSIVE;
				CLANG_CXX_LANGUAGE_STANDARD = "gnu++20";
				CLANG_ENABLE_MODULES = YES;
				CLANG_ENABLE_OBJC_ARC = YES;
				CLANG_ENABLE_OBJC_WEAK = YES;
				CLANG_WARN_BLOCK_CAPTURE_AUTORELEASING = YES;
				CLANG_WARN_BOOL_CONVERSION = YES;
				CLANG_WARN_COMMA = YES;
				CLANG_WARN_CONSTANT_CONVERSION = YES;
				CLANG_WARN_DEPRECATED_OBJC_IMPLEMENTATIONS = YES;
				CLANG_WARN_DIRECT_OBJC_ISA_USAGE = YES_ERROR;
				CLANG_WARN_DOCUMENTATION_COMMENTS = YES;
				CLANG_WARN_EMPTY_BODY = YES;
				CLANG_WARN_ENUM_CONVERSION = YES;
				CLANG_WARN_INFINITE_RECURSION = YES;
				CLANG_WARN_INT_CONVERSION = YES;
				CLANG_WARN_NON_LITERAL_NULL_CONVERSION = YES;
				CLANG_WARN_OBJC_IMPLICIT_RETAIN_SELF = YES;
				CLANG_WARN_OBJC_LITERAL_CONVERSION = YES;
				CLANG_WARN_OBJC_ROOT_CLASS = YES_ERROR;
				CLANG_WARN_QUOTED_INCLUDE_IN_FRAMEWORK_HEADER = YES;
				CLANG_WARN_RANGE_LOOP_ANALYSIS = YES;
				CLANG_WARN_STRICT_PROTOTYPES = YES;
				CLANG_WARN_SUSPICIOUS_MOVE = YES;
				CLANG_WARN_UNGUARDED_AVAILABILITY = YES_AGGRESSIVE;
				CLANG_WARN_UNREACHABLE_CODE = YES;
				CLANG_WARN__DUPLICATE_METHOD_MATCH = YES;
				COPY_PHASE_STRIP = NO;
				DEBUG_INFORMATION_FORMAT = dwarf;
				ENABLE_STRICT_OBJC_MSGSEND = YES;
				ENABLE_TESTABILITY = YES;
				ENABLE_USER_SCRIPT_SANDBOXING = YES;
				GCC_C_LANGUAGE_STANDARD = gnu17;
				GCC_DYNAMIC_NO_PIC = NO;
				GCC_NO_COMMON_BLOCKS = YES;
				GCC_OPTIMIZATION_LEVEL = 0;
				GCC_PREPROCESSOR_DEFINITIONS = (
					"DEBUG=1",
					"$(inherited)",
				);
				GCC_WARN_64_TO_32_BIT_CONVERSION = YES;
				GCC_WARN_ABOUT_RETURN_TYPE = YES_ERROR;
				GCC_WARN_UNDECLARED_SELECTOR = YES;
				GCC_WARN_UNINITIALIZED_AUTOS = YES_AGGRESSIVE;
				GCC_WARN_UNUSED_FUNCTION = YES;
				GCC_WARN_UNUSED_VARIABLE = YES;
				IPHONEOS_DEPLOYMENT_TARGET = 17.5;
				LOCALIZATION_PREFERS_STRING_CATALOGS = YES;
				MTL_ENABLE_DEBUG_INFO = INCLUDE_SOURCE;
				MTL_FAST_MATH = YES;
				ONLY_ACTIVE_ARCH = YES;
				SDKROOT = iphoneos;
				SWIFT_ACTIVE_COMPILATION_CONDITIONS = "DEBUG $(inherited)";
				SWIFT_OPTIMIZATION_LEVEL = "-Onone";
			};
			name = Debug;
		};
		9FF72DF12C9826A0003B6EF6 /* Release */ = {
			isa = XCBuildConfiguration;
			buildSettings = {
				ALWAYS_SEARCH_USER_PATHS = NO;
				ASSETCATALOG_COMPILER_GENERATE_SWIFT_ASSET_SYMBOL_EXTENSIONS = YES;
				CLANG_ANALYZER_NONNULL = YES;
				CLANG_ANALYZER_NUMBER_OBJECT_CONVERSION = YES_AGGRESSIVE;
				CLANG_CXX_LANGUAGE_STANDARD = "gnu++20";
				CLANG_ENABLE_MODULES = YES;
				CLANG_ENABLE_OBJC_ARC = YES;
				CLANG_ENABLE_OBJC_WEAK = YES;
				CLANG_WARN_BLOCK_CAPTURE_AUTORELEASING = YES;
				CLANG_WARN_BOOL_CONVERSION = YES;
				CLANG_WARN_COMMA = YES;
				CLANG_WARN_CONSTANT_CONVERSION = YES;
				CLANG_WARN_DEPRECATED_OBJC_IMPLEMENTATIONS = YES;
				CLANG_WARN_DIRECT_OBJC_ISA_USAGE = YES_ERROR;
				CLANG_WARN_DOCUMENTATION_COMMENTS = YES;
				CLANG_WARN_EMPTY_BODY = YES;
				CLANG_WARN_ENUM_CONVERSION = YES;
				CLANG_WARN_INFINITE_RECURSION = YES;
				CLANG_WARN_INT_CONVERSION = YES;
				CLANG_WARN_NON_LITERAL_NULL_CONVERSION = YES;
				CLANG_WARN_OBJC_IMPLICIT_RETAIN_SELF = YES;
				CLANG_WARN_OBJC_LITERAL_CONVERSION = YES;
				CLANG_WARN_OBJC_ROOT_CLASS = YES_ERROR;
				CLANG_WARN_QUOTED_INCLUDE_IN_FRAMEWORK_HEADER = YES;
				CLANG_WARN_RANGE_LOOP_ANALYSIS = YES;
				CLANG_WARN_STRICT_PROTOTYPES = YES;
				CLANG_WARN_SUSPICIOUS_MOVE = YES;
				CLANG_WARN_UNGUARDED_AVAILABILITY = YES_AGGRESSIVE;
				CLANG_WARN_UNREACHABLE_CODE = YES;
				CLANG_WARN__DUPLICATE_METHOD_MATCH = YES;
				COPY_PHASE_STRIP = NO;
				DEBUG_INFORMATION_FORMAT = "dwarf-with-dsym";
				ENABLE_NS_ASSERTIONS = NO;
				ENABLE_STRICT_OBJC_MSGSEND = YES;
				ENABLE_USER_SCRIPT_SANDBOXING = YES;
				GCC_C_LANGUAGE_STANDARD = gnu17;
				GCC_NO_COMMON_BLOCKS = YES;
				GCC_WARN_64_TO_32_BIT_CONVERSION = YES;
				GCC_WARN_ABOUT_RETURN_TYPE = YES_ERROR;
				GCC_WARN_UNDECLARED_SELECTOR = YES;
				GCC_WARN_UNINITIALIZED_AUTOS = YES_AGGRESSIVE;
				GCC_WARN_UNUSED_FUNCTION = YES;
				GCC_WARN_UNUSED_VARIABLE = YES;
				IPHONEOS_DEPLOYMENT_TARGET = 17.5;
				LOCALIZATION_PREFERS_STRING_CATALOGS = YES;
				MTL_ENABLE_DEBUG_INFO = NO;
				MTL_FAST_MATH = YES;
				SDKROOT = iphoneos;
				SWIFT_COMPILATION_MODE = wholemodule;
				VALIDATE_PRODUCT = YES;
			};
			name = Release;
		};
		9FF72DF32C9826A0003B6EF6 /* Debug */ = {
			isa = XCBuildConfiguration;
			buildSettings = {
				ASSETCATALOG_COMPILER_APPICON_NAME = AppIcon;
				ASSETCATALOG_COMPILER_GLOBAL_ACCENT_COLOR_NAME = AccentColor;
				CODE_SIGN_STYLE = Automatic;
				CURRENT_PROJECT_VERSION = 1;
				DEVELOPMENT_TEAM = 268X49LNSH;
				GENERATE_INFOPLIST_FILE = YES;
				INFOPLIST_FILE = CapturerAndWirter/Info.plist;
				INFOPLIST_KEY_NSCameraUsageDescription = "Use camera to capturer";
				INFOPLIST_KEY_NSMicrophoneUsageDescription = "Use microphone to capturer";
				INFOPLIST_KEY_UIApplicationSupportsIndirectInputEvents = YES;
				INFOPLIST_KEY_UILaunchStoryboardName = LaunchScreen;
				INFOPLIST_KEY_UIMainStoryboardFile = Main;
				INFOPLIST_KEY_UISupportedInterfaceOrientations_iPad = "UIInterfaceOrientationPortrait UIInterfaceOrientationPortraitUpsideDown UIInterfaceOrientationLandscapeLeft UIInterfaceOrientationLandscapeRight";
				INFOPLIST_KEY_UISupportedInterfaceOrientations_iPhone = "UIInterfaceOrientationPortrait UIInterfaceOrientationLandscapeLeft UIInterfaceOrientationLandscapeRight";
				IPHONEOS_DEPLOYMENT_TARGET = 13.0;
				LD_RUNPATH_SEARCH_PATHS = (
					"$(inherited)",
					"@executable_path/Frameworks",
				);
				MARKETING_VERSION = 1.0;
				PRODUCT_BUNDLE_IDENTIFIER = com.zzr.CapturerAndWirter;
				PRODUCT_NAME = "$(TARGET_NAME)";
				SWIFT_EMIT_LOC_STRINGS = YES;
				SWIFT_VERSION = 5.0;
				TARGETED_DEVICE_FAMILY = "1,2";
			};
			name = Debug;
		};
		9FF72DF42C9826A0003B6EF6 /* Release */ = {
			isa = XCBuildConfiguration;
			buildSettings = {
				ASSETCATALOG_COMPILER_APPICON_NAME = AppIcon;
				ASSETCATALOG_COMPILER_GLOBAL_ACCENT_COLOR_NAME = AccentColor;
				CODE_SIGN_STYLE = Automatic;
				CURRENT_PROJECT_VERSION = 1;
				DEVELOPMENT_TEAM = 268X49LNSH;
				GENERATE_INFOPLIST_FILE = YES;
				INFOPLIST_FILE = CapturerAndWirter/Info.plist;
				INFOPLIST_KEY_NSCameraUsageDescription = "Use camera to capturer";
				INFOPLIST_KEY_NSMicrophoneUsageDescription = "Use microphone to capturer";
				INFOPLIST_KEY_UIApplicationSupportsIndirectInputEvents = YES;
				INFOPLIST_KEY_UILaunchStoryboardName = LaunchScreen;
				INFOPLIST_KEY_UIMainStoryboardFile = Main;
				INFOPLIST_KEY_UISupportedInterfaceOrientations_iPad = "UIInterfaceOrientationPortrait UIInterfaceOrientationPortraitUpsideDown UIInterfaceOrientationLandscapeLeft UIInterfaceOrientationLandscapeRight";
				INFOPLIST_KEY_UISupportedInterfaceOrientations_iPhone = "UIInterfaceOrientationPortrait UIInterfaceOrientationLandscapeLeft UIInterfaceOrientationLandscapeRight";
				IPHONEOS_DEPLOYMENT_TARGET = 13.0;
				LD_RUNPATH_SEARCH_PATHS = (
					"$(inherited)",
					"@executable_path/Frameworks",
				);
				MARKETING_VERSION = 1.0;
				PRODUCT_BUNDLE_IDENTIFIER = com.zzr.CapturerAndWirter;
				PRODUCT_NAME = "$(TARGET_NAME)";
				SWIFT_EMIT_LOC_STRINGS = YES;
				SWIFT_VERSION = 5.0;
				TARGETED_DEVICE_FAMILY = "1,2";
			};
			name = Release;
		};
		9FF72DF62C9826A0003B6EF6 /* Debug */ = {
			isa = XCBuildConfiguration;
			buildSettings = {
				ALWAYS_EMBED_SWIFT_STANDARD_LIBRARIES = YES;
				BUNDLE_LOADER = "$(TEST_HOST)";
				CODE_SIGN_STYLE = Automatic;
				CURRENT_PROJECT_VERSION = 1;
				DEVELOPMENT_TEAM = 268X49LNSH;
				GENERATE_INFOPLIST_FILE = YES;
				IPHONEOS_DEPLOYMENT_TARGET = 17.5;
				MARKETING_VERSION = 1.0;
				PRODUCT_BUNDLE_IDENTIFIER = com.zzr.CapturerAndWirterTests;
				PRODUCT_NAME = "$(TARGET_NAME)";
				SWIFT_EMIT_LOC_STRINGS = NO;
				SWIFT_VERSION = 5.0;
				TARGETED_DEVICE_FAMILY = "1,2";
				TEST_HOST = "$(BUILT_PRODUCTS_DIR)/CapturerAndWirter.app/$(BUNDLE_EXECUTABLE_FOLDER_PATH)/CapturerAndWirter";
			};
			name = Debug;
		};
		9FF72DF72C9826A0003B6EF6 /* Release */ = {
			isa = XCBuildConfiguration;
			buildSettings = {
				ALWAYS_EMBED_SWIFT_STANDARD_LIBRARIES = YES;
				BUNDLE_LOADER = "$(TEST_HOST)";
				CODE_SIGN_STYLE = Automatic;
				CURRENT_PROJECT_VERSION = 1;
				DEVELOPMENT_TEAM = 268X49LNSH;
				GENERATE_INFOPLIST_FILE = YES;
				IPHONEOS_DEPLOYMENT_TARGET = 17.5;
				MARKETING_VERSION = 1.0;
				PRODUCT_BUNDLE_IDENTIFIER = com.zzr.CapturerAndWirterTests;
				PRODUCT_NAME = "$(TARGET_NAME)";
				SWIFT_EMIT_LOC_STRINGS = NO;
				SWIFT_VERSION = 5.0;
				TARGETED_DEVICE_FAMILY = "1,2";
				TEST_HOST = "$(BUILT_PRODUCTS_DIR)/CapturerAndWirter.app/$(BUNDLE_EXECUTABLE_FOLDER_PATH)/CapturerAndWirter";
			};
			name = Release;
		};
		9FF72DF92C9826A0003B6EF6 /* Debug */ = {
			isa = XCBuildConfiguration;
			buildSettings = {
				ALWAYS_EMBED_SWIFT_STANDARD_LIBRARIES = YES;
				CODE_SIGN_STYLE = Automatic;
				CURRENT_PROJECT_VERSION = 1;
				DEVELOPMENT_TEAM = 268X49LNSH;
				GENERATE_INFOPLIST_FILE = YES;
				MARKETING_VERSION = 1.0;
				PRODUCT_BUNDLE_IDENTIFIER = com.zzr.CapturerAndWirterUITests;
				PRODUCT_NAME = "$(TARGET_NAME)";
				SWIFT_EMIT_LOC_STRINGS = NO;
				SWIFT_VERSION = 5.0;
				TARGETED_DEVICE_FAMILY = "1,2";
				TEST_TARGET_NAME = CapturerAndWirter;
			};
			name = Debug;
		};
		9FF72DFA2C9826A0003B6EF6 /* Release */ = {
			isa = XCBuildConfiguration;
			buildSettings = {
				ALWAYS_EMBED_SWIFT_STANDARD_LIBRARIES = YES;
				CODE_SIGN_STYLE = Automatic;
				CURRENT_PROJECT_VERSION = 1;
				DEVELOPMENT_TEAM = 268X49LNSH;
				GENERATE_INFOPLIST_FILE = YES;
				MARKETING_VERSION = 1.0;
				PRODUCT_BUNDLE_IDENTIFIER = com.zzr.CapturerAndWirterUITests;
				PRODUCT_NAME = "$(TARGET_NAME)";
				SWIFT_EMIT_LOC_STRINGS = NO;
				SWIFT_VERSION = 5.0;
				TARGETED_DEVICE_FAMILY = "1,2";
				TEST_TARGET_NAME = CapturerAndWirter;
			};
			name = Release;
		};
/* End XCBuildConfiguration section */

/* Begin XCConfigurationList section */
		9FF72DC32C98269F003B6EF6 /* Build configuration list for PBXProject "CapturerAndWirter" */ = {
			isa = XCConfigurationList;
			buildConfigurations = (
				9FF72DF02C9826A0003B6EF6 /* Debug */,
				9FF72DF12C9826A0003B6EF6 /* Release */,
			);
			defaultConfigurationIsVisible = 0;
			defaultConfigurationName = Release;
		};
		9FF72DF22C9826A0003B6EF6 /* Build configuration list for PBXNativeTarget "CapturerAndWirter" */ = {
			isa = XCConfigurationList;
			buildConfigurations = (
				9FF72DF32C9826A0003B6EF6 /* Debug */,
				9FF72DF42C9826A0003B6EF6 /* Release */,
			);
			defaultConfigurationIsVisible = 0;
			defaultConfigurationName = Release;
		};
		9FF72DF52C9826A0003B6EF6 /* Build configuration list for PBXNativeTarget "CapturerAndWirterTests" */ = {
			isa = XCConfigurationList;
			buildConfigurations = (
				9FF72DF62C9826A0003B6EF6 /* Debug */,
				9FF72DF72C9826A0003B6EF6 /* Release */,
			);
			defaultConfigurationIsVisible = 0;
			defaultConfigurationName = Release;
		};
		9FF72DF82C9826A0003B6EF6 /* Build configuration list for PBXNativeTarget "CapturerAndWirterUITests" */ = {
			isa = XCConfigurationList;
			buildConfigurations = (
				9FF72DF92C9826A0003B6EF6 /* Debug */,
				9FF72DFA2C9826A0003B6EF6 /* Release */,
			);
			defaultConfigurationIsVisible = 0;
			defaultConfigurationName = Release;
		};
/* End XCConfigurationList section */

/* Begin XCRemoteSwiftPackageReference section */
		9F6FAAF52CB03DDC00CF07E9 /* XCRemoteSwiftPackageReference "SnapKit" */ = {
			isa = XCRemoteSwiftPackageReference;
			repositoryURL = "https://github.com/SnapKit/SnapKit";
			requirement = {
				kind = upToNextMajorVersion;
				minimumVersion = 5.7.1;
			};
		};
/* End XCRemoteSwiftPackageReference section */

/* Begin XCSwiftPackageProductDependency section */
		9F6FAAF62CB03DDC00CF07E9 /* SnapKit */ = {
			isa = XCSwiftPackageProductDependency;
			package = 9F6FAAF52CB03DDC00CF07E9 /* XCRemoteSwiftPackageReference "SnapKit" */;
			productName = SnapKit;
		};
/* End XCSwiftPackageProductDependency section */
	};
	rootObject = 9FF72DC02C98269F003B6EF6 /* Project object */;
}
